
Microsoft Visual Studio Solution File, Format Version 12.00
# Visual Studio Version 17
VisualStudioVersion = 17.9.34728.123
MinimumVisualStudioVersion = 10.0.40219.1
Project("{FAE04EC0-301F-11D3-BF4B-00C04F79EFBC}") = "CDUD1", "CDUD1\CDUD1.csproj", "{173A7BB3-87E3-43C6-A500-31AC722490B5}"
EndProject
Global
	GlobalSection(SolutionConfigurationPlatforms) = preSolution
		Debug|Any CPU = Debug|Any CPU
		Release|Any CPU = Release|Any CPU
	EndGlobalSection
	GlobalSection(ProjectConfigurationPlatforms) = postSolution
		{173A7BB3-87E3-43C6-A500-31AC722490B5}.Debug|Any CPU.ActiveCfg = Debug|Any CPU
		{173A7BB3-87E3-43C6-A500-31AC722490B5}.Debug|Any CPU.Build.0 = Debug|Any CPU
		{173A7BB3-87E3-43C6-A500-31AC722490B5}.Release|Any CPU.ActiveCfg = Release|Any CPU
		{173A7BB3-87E3-43C6-A500-31AC722490B5}.Release|Any CPU.Build.0 = Release|Any CPU
	EndGlobalSection
	GlobalSection(SolutionProperties) = preSolution
		HideSolutionNode = FALSE
	EndGlobalSection
	GlobalSection(ExtensibilityGlobals) = postSolution
		SolutionGuid = {3207A169-7FAC-4AB7-94B6-A2F0F14C13DA}
	EndGlobalSection
EndGlobal
